{
  "originHash" : "d091d4eb25fc96675f178d9b5b0566cb948395fb0d78923cb5a34cb746d6ad7c",
  "pins" : [
    {
      "identity" : "python-ios",
      "kind" : "remoteSourceControl",
      "location" : "https://github.com/m4p/Python-iOS",
      "state" : {
        "branch" : "kivy-ios",
        "revision" : "f0efaf32ec2506ed2654051e5ab3dd06d4e78c29"
      }
    },
    {
      "identity" : "pythonkit",
      "kind" : "remoteSourceControl",
      "location" : "https://github.com/pvieito/PythonKit.git",
      "state" : {
        "revision" : "81f621d094a7c8923207efe5178f50dba1b56c39",
        "version" : "0.3.1"
      }
    }
  ],
  "version" : 3
}
